
Microsoft Visual Studio Solution File, Format Version 12.00
# Visual Studio Version 16
VisualStudioVersion = 16.0.30907.101
MinimumVisualStudioVersion = 10.0.40219.1
Project("{FAE04EC0-301F-11D3-BF4B-00C04F79EFBC}") = "StockData", "StockData\StockData.csproj", "{520BF7F2-CAA1-4FD7-8B78-FB61E26D1075}"
EndProject
Global
	GlobalSection(SolutionConfigurationPlatforms) = preSolution
		Debug|Any CPU = Debug|Any CPU
		Release|Any CPU = Release|Any CPU
	EndGlobalSection
	GlobalSection(ProjectConfigurationPlatforms) = postSolution
		{520BF7F2-CAA1-4FD7-8B78-FB61E26D1075}.Debug|Any CPU.ActiveCfg = Debug|Any CPU
		{520BF7F2-CAA1-4FD7-8B78-FB61E26D1075}.Debug|Any CPU.Build.0 = Debug|Any CPU
		{520BF7F2-CAA1-4FD7-8B78-FB61E26D1075}.Release|Any CPU.ActiveCfg = Release|Any CPU
		{520BF7F2-CAA1-4FD7-8B78-FB61E26D1075}.Release|Any CPU.Build.0 = Release|Any CPU
	EndGlobalSection
	GlobalSection(SolutionProperties) = preSolution
		HideSolutionNode = FALSE
	EndGlobalSection
	GlobalSection(ExtensibilityGlobals) = postSolution
		SolutionGuid = {C5677F54-B11E-4399-94C5-2591DBE98E6B}
	EndGlobalSection
EndGlobal
